{"is_source_file": false, "format": "", "description": "", "external_files": [], "external_methods": [], "published": [], "classes": [], "methods": [], "calls": [], "search-terms": [], "state": 2, "file_id": 17, "knowledge_revision": 31, "git_revision": "9ed2fa25019e354f6fd8290d9416b6d1a27a2431", "hash": "9c4ed7ef73e22b872b8055bec08b8979", "format-version": 4, "code-base-name": "default", "filename": "tagmusic_ai_platform_frontend/post_process_status.lock", "revision_history": [{"31": "9ed2fa25019e354f6fd8290d9416b6d1a27a2431"}]}